
Microsoft Visual Studio Solution File, Format Version 12.00
# Visual Studio Version 17
VisualStudioVersion = 17.6.33815.320
MinimumVisualStudioVersion = 10.0.40219.1
Project("{FAE04EC0-301F-11D3-BF4B-00C04F79EFBC}") = "ExcelTest", "ExcelTest.csproj", "{AD816E4B-8CCC-4133-8CAC-3A0732FFDBB1}"
EndProject
Global
	GlobalSection(SolutionConfigurationPlatforms) = preSolution
		Debug|Any CPU = Debug|Any CPU
		Release|Any CPU = Release|Any CPU
	EndGlobalSection
	GlobalSection(ProjectConfigurationPlatforms) = postSolution
		{AD816E4B-8CCC-4133-8CAC-3A0732FFDBB1}.Debug|Any CPU.ActiveCfg = Debug|Any CPU
		{AD816E4B-8CCC-4133-8CAC-3A0732FFDBB1}.Debug|Any CPU.Build.0 = Debug|Any CPU
		{AD816E4B-8CCC-4133-8CAC-3A0732FFDBB1}.Release|Any CPU.ActiveCfg = Release|Any CPU
		{AD816E4B-8CCC-4133-8CAC-3A0732FFDBB1}.Release|Any CPU.Build.0 = Release|Any CPU
	EndGlobalSection
	GlobalSection(SolutionProperties) = preSolution
		HideSolutionNode = FALSE
	EndGlobalSection
	GlobalSection(ExtensibilityGlobals) = postSolution
		SolutionGuid = {F34CA36C-7256-4521-A302-0193DBA550A8}
	EndGlobalSection
EndGlobal
